// !$*UTF8*$!
{
	archiveVersion = 1;
	classes = {
	};
	objectVersion = 52;
	objects = {

/* Begin PBXBuildFile section */
		8E849DF626CB1DEA007B4427 /* SDWebImageSwiftUI in Frameworks */ = {isa = PBXBuildFile; productRef = 8E849DF526CB1DEA007B4427 /* SDWebImageSwiftUI */; };
		8E89B31026C9A71500361763 /* BreakingBadApp.swift in Sources */ = {isa = PBXBuildFile; fileRef = 8E89B30F26C9A71500361763 /* BreakingBadApp.swift */; };
		8E89B31226C9A71500361763 /* AppTabView.swift in Sources */ = {isa = PBXBuildFile; fileRef = 8E89B31126C9A71500361763 /* AppTabView.swift */; };
		8E89B31426C9A71700361763 /* Assets.xcassets in Resources */ = {isa = PBXBuildFile; fileRef = 8E89B31326C9A71700361763 /* Assets.xcassets */; };
		8E89B31726C9A71700361763 /* Preview Assets.xcassets in Resources */ = {isa = PBXBuildFile; fileRef = 8E89B31626C9A71700361763 /* Preview Assets.xcassets */; };
		8E89B32226C9A81300361763 /* Characthers.swift in Sources */ = {isa = PBXBuildFile; fileRef = 8E89B32126C9A81300361763 /* Characthers.swift */; };
		8E89B32426C9ABB800361763 /* Episodes.swift in Sources */ = {isa = PBXBuildFile; fileRef = 8E89B32326C9ABB800361763 /* Episodes.swift */; };
		8E89B32A26C9AFF500361763 /* CharactherViewModel.swift in Sources */ = {isa = PBXBuildFile; fileRef = 8E89B32926C9AFF500361763 /* CharactherViewModel.swift */; };
		8E89B32C26C9B00400361763 /* EpisodeViewModel.swift in Sources */ = {isa = PBXBuildFile; fileRef = 8E89B32B26C9B00400361763 /* EpisodeViewModel.swift */; };
		8EB1F38226CDF904000E98C8 /* Launch Screen.storyboard in Resources */ = {isa = PBXBuildFile; fileRef = 8EB1F38126CDF904000E98C8 /* Launch Screen.storyboard */; };
		8EB1F39526CF7301000E98C8 /* CharactherCell.swift in Sources */ = {isa = PBXBuildFile; fileRef = 8EB1F39426CF7301000E98C8 /* CharactherCell.swift */; };
		8EB1F39726CF9245000E98C8 /* CharactherView.swift in Sources */ = {isa = PBXBuildFile; fileRef = 8EB1F39626CF9245000E98C8 /* CharactherView.swift */; };
		8EB1F39B26D041A7000E98C8 /* CharactherDeatailView.swift in Sources */ = {isa = PBXBuildFile; fileRef = 8EB1F39A26D041A7000E98C8 /* CharactherDeatailView.swift */; };
		8EEAA0D826CD29D000C521B6 /* ColorExt.swift in Sources */ = {isa = PBXBuildFile; fileRef = 8EEAA0D726CD29D000C521B6 /* ColorExt.swift */; };
		8EEAA0DA26CD2A2D00C521B6 /* EpisodesView.swift in Sources */ = {isa = PBXBuildFile; fileRef = 8EEAA0D926CD2A2D00C521B6 /* EpisodesView.swift */; };
/* End PBXBuildFile section */

/* Begin PBXCopyFilesBuildPhase section */
		8EB1F38D26CF0340000E98C8 /* Embed App Extensions */ = {
			isa = PBXCopyFilesBuildPhase;
			buildActionMask = 2147483647;
			dstPath = "";
			dstSubfolderSpec = 13;
			files = (
			);
			name = "Embed App Extensions";
			runOnlyForDeploymentPostprocessing = 0;
		};
/* End PBXCopyFilesBuildPhase section */

/* Begin PBXFileReference section */
		8E89B30C26C9A71500361763 /* BreakingBad.app */ = {isa = PBXFileReference; explicitFileType = wrapper.application; includeInIndex = 0; path = BreakingBad.app; sourceTree = BUILT_PRODUCTS_DIR; };
		8E89B30F26C9A71500361763 /* BreakingBadApp.swift */ = {isa = PBXFileReference; lastKnownFileType = sourcecode.swift; path = BreakingBadApp.swift; sourceTree = "<group>"; };
		8E89B31126C9A71500361763 /* AppTabView.swift */ = {isa = PBXFileReference; lastKnownFileType = sourcecode.swift; path = AppTabView.swift; sourceTree = "<group>"; };
		8E89B31326C9A71700361763 /* Assets.xcassets */ = {isa = PBXFileReference; lastKnownFileType = folder.assetcatalog; path = Assets.xcassets; sourceTree = "<group>"; };
		8E89B31626C9A71700361763 /* Preview Assets.xcassets */ = {isa = PBXFileReference; lastKnownFileType = folder.assetcatalog; path = "Preview Assets.xcassets"; sourceTree = "<group>"; };
		8E89B31826C9A71700361763 /* Info.plist */ = {isa = PBXFileReference; lastKnownFileType = text.plist.xml; path = Info.plist; sourceTree = "<group>"; };
		8E89B32126C9A81300361763 /* Characthers.swift */ = {isa = PBXFileReference; lastKnownFileType = sourcecode.swift; path = Characthers.swift; sourceTree = "<group>"; };
		8E89B32326C9ABB800361763 /* Episodes.swift */ = {isa = PBXFileReference; lastKnownFileType = sourcecode.swift; path = Episodes.swift; sourceTree = "<group>"; };
		8E89B32926C9AFF500361763 /* CharactherViewModel.swift */ = {isa = PBXFileReference; lastKnownFileType = sourcecode.swift; path = CharactherViewModel.swift; sourceTree = "<group>"; };
		8E89B32B26C9B00400361763 /* EpisodeViewModel.swift */ = {isa = PBXFileReference; lastKnownFileType = sourcecode.swift; path = EpisodeViewModel.swift; sourceTree = "<group>"; };
		8EB1F38126CDF904000E98C8 /* Launch Screen.storyboard */ = {isa = PBXFileReference; lastKnownFileType = file.storyboard; name = "Launch Screen.storyboard"; path = "/Users/jessicaperez/Desktop/BreakingBad/BreakingBad/Preview Content/Launch Screen.storyboard"; sourceTree = "<absolute>"; };
		8EB1F39426CF7301000E98C8 /* CharactherCell.swift */ = {isa = PBXFileReference; lastKnownFileType = sourcecode.swift; path = CharactherCell.swift; sourceTree = "<group>"; };
		8EB1F39626CF9245000E98C8 /* CharactherView.swift */ = {isa = PBXFileReference; lastKnownFileType = sourcecode.swift; path = CharactherView.swift; sourceTree = "<group>"; };
		8EB1F39A26D041A7000E98C8 /* CharactherDeatailView.swift */ = {isa = PBXFileReference; fileEncoding = 4; lastKnownFileType = sourcecode.swift; path = CharactherDeatailView.swift; sourceTree = "<group>"; };
		8EEAA0D726CD29D000C521B6 /* ColorExt.swift */ = {isa = PBXFileReference; lastKnownFileType = sourcecode.swift; path = ColorExt.swift; sourceTree = "<group>"; };
		8EEAA0D926CD2A2D00C521B6 /* EpisodesView.swift */ = {isa = PBXFileReference; lastKnownFileType = sourcecode.swift; path = EpisodesView.swift; sourceTree = "<group>"; };
/* End PBXFileReference section */

/* Begin PBXFrameworksBuildPhase section */
		8E89B30926C9A71500361763 /* Frameworks */ = {
			isa = PBXFrameworksBuildPhase;
			buildActionMask = 2147483647;
			files = (
				8E849DF626CB1DEA007B4427 /* SDWebImageSwiftUI in Frameworks */,
			);
			runOnlyForDeploymentPostprocessing = 0;
		};
/* End PBXFrameworksBuildPhase section */

/* Begin PBXGroup section */
		8E89B30326C9A71500361763 = {
			isa = PBXGroup;
			children = (
				8EB1F39326CF7294000E98C8 /* CustomCell */,
				8EE66FD226CD28CB00AE13EF /* Color+Extension */,
				8E89B32026C9A7EE00361763 /* Model */,
				8E89B31E26C9A7DB00361763 /* Views */,
				8E89B31F26C9A7E100361763 /* ViewModel */,
				8E89B30E26C9A71500361763 /* BreakingBad */,
				8E89B30D26C9A71500361763 /* Products */,
			);
			sourceTree = "<group>";
		};
		8E89B30D26C9A71500361763 /* Products */ = {
			isa = PBXGroup;
			children = (
				8E89B30C26C9A71500361763 /* BreakingBad.app */,
			);
			name = Products;
			sourceTree = "<group>";
		};
		8E89B30E26C9A71500361763 /* BreakingBad */ = {
			isa = PBXGroup;
			children = (
				8E89B30F26C9A71500361763 /* BreakingBadApp.swift */,
				8E89B31326C9A71700361763 /* Assets.xcassets */,
				8E89B31826C9A71700361763 /* Info.plist */,
				8E89B31526C9A71700361763 /* Preview Content */,
			);
			path = BreakingBad;
			sourceTree = "<group>";
		};
		8E89B31526C9A71700361763 /* Preview Content */ = {
			isa = PBXGroup;
			children = (
				8E89B31626C9A71700361763 /* Preview Assets.xcassets */,
				8EB1F38126CDF904000E98C8 /* Launch Screen.storyboard */,
			);
			path = "Preview Content";
			sourceTree = "<group>";
		};
		8E89B31E26C9A7DB00361763 /* Views */ = {
			isa = PBXGroup;
			children = (
				8E89B31126C9A71500361763 /* AppTabView.swift */,
				8EB1F39A26D041A7000E98C8 /* CharactherDeatailView.swift */,
				8EB1F39626CF9245000E98C8 /* CharactherView.swift */,
				8EEAA0D926CD2A2D00C521B6 /* EpisodesView.swift */,
			);
			path = Views;
			sourceTree = "<group>";
		};
		8E89B31F26C9A7E100361763 /* ViewModel */ = {
			isa = PBXGroup;
			children = (
				8E89B32926C9AFF500361763 /* CharactherViewModel.swift */,
				8E89B32B26C9B00400361763 /* EpisodeViewModel.swift */,
			);
			path = ViewModel;
			sourceTree = "<group>";
		};
		8E89B32026C9A7EE00361763 /* Model */ = {
			isa = PBXGroup;
			children = (
				8E89B32126C9A81300361763 /* Characthers.swift */,
				8E89B32326C9ABB800361763 /* Episodes.swift */,
			);
			path = Model;
			sourceTree = "<group>";
		};
		8EB1F39326CF7294000E98C8 /* CustomCell */ = {
			isa = PBXGroup;
			children = (
				8EB1F39426CF7301000E98C8 /* CharactherCell.swift */,
			);
			path = CustomCell;
			sourceTree = "<group>";
		};
		8EE66FD226CD28CB00AE13EF /* Color+Extension */ = {
			isa = PBXGroup;
			children = (
				8EEAA0D726CD29D000C521B6 /* ColorExt.swift */,
			);
			path = "Color+Extension";
			sourceTree = "<group>";
		};
/* End PBXGroup section */

/* Begin PBXNativeTarget section */
		8E89B30B26C9A71500361763 /* BreakingBad */ = {
			isa = PBXNativeTarget;
			buildConfigurationList = 8E89B31B26C9A71700361763 /* Build configuration list for PBXNativeTarget "BreakingBad" */;
			buildPhases = (
				8E89B30826C9A71500361763 /* Sources */,
				8E89B30926C9A71500361763 /* Frameworks */,
				8E89B30A26C9A71500361763 /* Resources */,
				8EB1F38D26CF0340000E98C8 /* Embed App Extensions */,
			);
			buildRules = (
			);
			dependencies = (
			);
			name = BreakingBad;
			packageProductDependencies = (
				8E849DF526CB1DEA007B4427 /* SDWebImageSwiftUI */,
			);
			productName = BreakingBad;
			productReference = 8E89B30C26C9A71500361763 /* BreakingBad.app */;
			productType = "com.apple.product-type.application";
		};
/* End PBXNativeTarget section */

/* Begin PBXProject section */
		8E89B30426C9A71500361763 /* Project object */ = {
			isa = PBXProject;
			attributes = {
				LastSwiftUpdateCheck = 1250;
				LastUpgradeCheck = 1250;
				TargetAttributes = {
					8E89B30B26C9A71500361763 = {
						CreatedOnToolsVersion = 12.5.1;
					};
				};
			};
			buildConfigurationList = 8E89B30726C9A71500361763 /* Build configuration list for PBXProject "BreakingBad" */;
			compatibilityVersion = "Xcode 9.3";
			developmentRegion = en;
			hasScannedForEncodings = 0;
			knownRegions = (
				en,
				Base,
			);
			mainGroup = 8E89B30326C9A71500361763;
			packageReferences = (
				8E849DF426CB1DEA007B4427 /* XCRemoteSwiftPackageReference "SDWebImageSwiftUI" */,
			);
			productRefGroup = 8E89B30D26C9A71500361763 /* Products */;
			projectDirPath = "";
			projectRoot = "";
			targets = (
				8E89B30B26C9A71500361763 /* BreakingBad */,
			);
		};
/* End PBXProject section */

/* Begin PBXResourcesBuildPhase section */
		8E89B30A26C9A71500361763 /* Resources */ = {
			isa = PBXResourcesBuildPhase;
			buildActionMask = 2147483647;
			files = (
				8EB1F38226CDF904000E98C8 /* Launch Screen.storyboard in Resources */,
				8E89B31726C9A71700361763 /* Preview Assets.xcassets in Resources */,
				8E89B31426C9A71700361763 /* Assets.xcassets in Resources */,
			);
			runOnlyForDeploymentPostprocessing = 0;
		};
/* End PBXResourcesBuildPhase section */

/* Begin PBXSourcesBuildPhase section */
		8E89B30826C9A71500361763 /* Sources */ = {
			isa = PBXSourcesBuildPhase;
			buildActionMask = 2147483647;
			files = (
				8EB1F39B26D041A7000E98C8 /* CharactherDeatailView.swift in Sources */,
				8E89B32A26C9AFF500361763 /* CharactherViewModel.swift in Sources */,
				8EEAA0D826CD29D000C521B6 /* ColorExt.swift in Sources */,
				8EB1F39526CF7301000E98C8 /* CharactherCell.swift in Sources */,
				8E89B32226C9A81300361763 /* Characthers.swift in Sources */,
				8E89B32426C9ABB800361763 /* Episodes.swift in Sources */,
				8EEAA0DA26CD2A2D00C521B6 /* EpisodesView.swift in Sources */,
				8E89B31226C9A71500361763 /* AppTabView.swift in Sources */,
				8EB1F39726CF9245000E98C8 /* CharactherView.swift in Sources */,
				8E89B32C26C9B00400361763 /* EpisodeViewModel.swift in Sources */,
				8E89B31026C9A71500361763 /* BreakingBadApp.swift in Sources */,
			);
			runOnlyForDeploymentPostprocessing = 0;
		};
/* End PBXSourcesBuildPhase section */

/* Begin XCBuildConfiguration section */
		8E89B31926C9A71700361763 /* Debug */ = {
			isa = XCBuildConfiguration;
			buildSettings = {
				ALWAYS_SEARCH_USER_PATHS = NO;
				CLANG_ANALYZER_NONNULL = YES;
				CLANG_ANALYZER_NUMBER_OBJECT_CONVERSION = YES_AGGRESSIVE;
				CLANG_CXX_LANGUAGE_STANDARD = "gnu++14";
				CLANG_CXX_LIBRARY = "libc++";
				CLANG_ENABLE_MODULES = YES;
				CLANG_ENABLE_OBJC_ARC = YES;
				CLANG_ENABLE_OBJC_WEAK = YES;
				CLANG_WARN_BLOCK_CAPTURE_AUTORELEASING = YES;
				CLANG_WARN_BOOL_CONVERSION = YES;
				CLANG_WARN_COMMA = YES;
				CLANG_WARN_CONSTANT_CONVERSION = YES;
				CLANG_WARN_DEPRECATED_OBJC_IMPLEMENTATIONS = YES;
				CLANG_WARN_DIRECT_OBJC_ISA_USAGE = YES_ERROR;
				CLANG_WARN_DOCUMENTATION_COMMENTS = YES;
				CLANG_WARN_EMPTY_BODY = YES;
				CLANG_WARN_ENUM_CONVERSION = YES;
				CLANG_WARN_INFINITE_RECURSION = YES;
				CLANG_WARN_INT_CONVERSION = YES;
				CLANG_WARN_NON_LITERAL_NULL_CONVERSION = YES;
				CLANG_WARN_OBJC_IMPLICIT_RETAIN_SELF = YES;
				CLANG_WARN_OBJC_LITERAL_CONVERSION = YES;
				CLANG_WARN_OBJC_ROOT_CLASS = YES_ERROR;
				CLANG_WARN_QUOTED_INCLUDE_IN_FRAMEWORK_HEADER = YES;
				CLANG_WARN_RANGE_LOOP_ANALYSIS = YES;
				CLANG_WARN_STRICT_PROTOTYPES = YES;
				CLANG_WARN_SUSPICIOUS_MOVE = YES;
				CLANG_WARN_UNGUARDED_AVAILABILITY = YES_AGGRESSIVE;
				CLANG_WARN_UNREACHABLE_CODE = YES;
				CLANG_WARN__DUPLICATE_METHOD_MATCH = YES;
				COPY_PHASE_STRIP = NO;
				DEBUG_INFORMATION_FORMAT = dwarf;
				ENABLE_STRICT_OBJC_MSGSEND = YES;
				ENABLE_TESTABILITY = YES;
				GCC_C_LANGUAGE_STANDARD = gnu11;
				GCC_DYNAMIC_NO_PIC = NO;
				GCC_NO_COMMON_BLOCKS = YES;
				GCC_OPTIMIZATION_LEVEL = 0;
				GCC_PREPROCESSOR_DEFINITIONS = (
					"DEBUG=1",
					"$(inherited)",
				);
				GCC_WARN_64_TO_32_BIT_CONVERSION = YES;
				GCC_WARN_ABOUT_RETURN_TYPE = YES_ERROR;
				GCC_WARN_UNDECLARED_SELECTOR = YES;
				GCC_WARN_UNINITIALIZED_AUTOS = YES_AGGRESSIVE;
				GCC_WARN_UNUSED_FUNCTION = YES;
				GCC_WARN_UNUSED_VARIABLE = YES;
				IPHONEOS_DEPLOYMENT_TARGET = 14.5;
				MTL_ENABLE_DEBUG_INFO = INCLUDE_SOURCE;
				MTL_FAST_MATH = YES;
				ONLY_ACTIVE_ARCH = YES;
				SDKROOT = iphoneos;
				SWIFT_ACTIVE_COMPILATION_CONDITIONS = DEBUG;
				SWIFT_OPTIMIZATION_LEVEL = "-Onone";
			};
			name = Debug;
		};
		8E89B31A26C9A71700361763 /* Release */ = {
			isa = XCBuildConfiguration;
			buildSettings = {
				ALWAYS_SEARCH_USER_PATHS = NO;
				CLANG_ANALYZER_NONNULL = YES;
				CLANG_ANALYZER_NUMBER_OBJECT_CONVERSION = YES_AGGRESSIVE;
				CLANG_CXX_LANGUAGE_STANDARD = "gnu++14";
				CLANG_CXX_LIBRARY = "libc++";
				CLANG_ENABLE_MODULES = YES;
				CLANG_ENABLE_OBJC_ARC = YES;
				CLANG_ENABLE_OBJC_WEAK = YES;
				CLANG_WARN_BLOCK_CAPTURE_AUTORELEASING = YES;
				CLANG_WARN_BOOL_CONVERSION = YES;
				CLANG_WARN_COMMA = YES;
				CLANG_WARN_CONSTANT_CONVERSION = YES;
				CLANG_WARN_DEPRECATED_OBJC_IMPLEMENTATIONS = YES;
				CLANG_WARN_DIRECT_OBJC_ISA_USAGE = YES_ERROR;
				CLANG_WARN_DOCUMENTATION_COMMENTS = YES;
				CLANG_WARN_EMPTY_BODY = YES;
				CLANG_WARN_ENUM_CONVERSION = YES;
				CLANG_WARN_INFINITE_RECURSION = YES;
				CLANG_WARN_INT_CONVERSION = YES;
				CLANG_WARN_NON_LITERAL_NULL_CONVERSION = YES;
				CLANG_WARN_OBJC_IMPLICIT_RETAIN_SELF = YES;
				CLANG_WARN_OBJC_LITERAL_CONVERSION = YES;
				CLANG_WARN_OBJC_ROOT_CLASS = YES_ERROR;
				CLANG_WARN_QUOTED_INCLUDE_IN_FRAMEWORK_HEADER = YES;
				CLANG_WARN_RANGE_LOOP_ANALYSIS = YES;
				CLANG_WARN_STRICT_PROTOTYPES = YES;
				CLANG_WARN_SUSPICIOUS_MOVE = YES;
				CLANG_WARN_UNGUARDED_AVAILABILITY = YES_AGGRESSIVE;
				CLANG_WARN_UNREACHABLE_CODE = YES;
				CLANG_WARN__DUPLICATE_METHOD_MATCH = YES;
				COPY_PHASE_STRIP = NO;
				DEBUG_INFORMATION_FORMAT = "dwarf-with-dsym";
				ENABLE_NS_ASSERTIONS = NO;
				ENABLE_STRICT_OBJC_MSGSEND = YES;
				GCC_C_LANGUAGE_STANDARD = gnu11;
				GCC_NO_COMMON_BLOCKS = YES;
				GCC_WARN_64_TO_32_BIT_CONVERSION = YES;
				GCC_WARN_ABOUT_RETURN_TYPE = YES_ERROR;
				GCC_WARN_UNDECLARED_SELECTOR = YES;
				GCC_WARN_UNINITIALIZED_AUTOS = YES_AGGRESSIVE;
				GCC_WARN_UNUSED_FUNCTION = YES;
				GCC_WARN_UNUSED_VARIABLE = YES;
				IPHONEOS_DEPLOYMENT_TARGET = 14.5;
				MTL_ENABLE_DEBUG_INFO = NO;
				MTL_FAST_MATH = YES;
				SDKROOT = iphoneos;
				SWIFT_COMPILATION_MODE = wholemodule;
				SWIFT_OPTIMIZATION_LEVEL = "-O";
				VALIDATE_PRODUCT = YES;
			};
			name = Release;
		};
		8E89B31C26C9A71700361763 /* Debug */ = {
			isa = XCBuildConfiguration;
			buildSettings = {
				ASSETCATALOG_COMPILER_APPICON_NAME = AppIcon;
				ASSETCATALOG_COMPILER_GLOBAL_ACCENT_COLOR_NAME = AccentColor;
				CODE_SIGN_STYLE = Automatic;
				DEVELOPMENT_ASSET_PATHS = "\"BreakingBad/Preview Content\"";
				DEVELOPMENT_TEAM = 8C93KVSWF7;
				ENABLE_PREVIEWS = YES;
				INFOPLIST_FILE = BreakingBad/Info.plist;
				IPHONEOS_DEPLOYMENT_TARGET = 14.1;
				LD_RUNPATH_SEARCH_PATHS = (
					"$(inherited)",
					"@executable_path/Frameworks",
				);
				PRODUCT_BUNDLE_IDENTIFIER = com.jess.BreakingBad;
				PRODUCT_NAME = "$(TARGET_NAME)";
				SWIFT_VERSION = 5.0;
				TARGETED_DEVICE_FAMILY = "1,2";
			};
			name = Debug;
		};
		8E89B31D26C9A71700361763 /* Release */ = {
			isa = XCBuildConfiguration;
			buildSettings = {
				ASSETCATALOG_COMPILER_APPICON_NAME = AppIcon;
				ASSETCATALOG_COMPILER_GLOBAL_ACCENT_COLOR_NAME = AccentColor;
				CODE_SIGN_STYLE = Automatic;
				DEVELOPMENT_ASSET_PATHS = "\"BreakingBad/Preview Content\"";
				DEVELOPMENT_TEAM = 8C93KVSWF7;
				ENABLE_PREVIEWS = YES;
				INFOPLIST_FILE = BreakingBad/Info.plist;
				IPHONEOS_DEPLOYMENT_TARGET = 14.1;
				LD_RUNPATH_SEARCH_PATHS = (
					"$(inherited)",
					"@executable_path/Frameworks",
				);
				PRODUCT_BUNDLE_IDENTIFIER = com.jess.BreakingBad;
				PRODUCT_NAME = "$(TARGET_NAME)";
				SWIFT_VERSION = 5.0;
				TARGETED_DEVICE_FAMILY = "1,2";
			};
			name = Release;
		};
/* End XCBuildConfiguration section */

/* Begin XCConfigurationList section */
		8E89B30726C9A71500361763 /* Build configuration list for PBXProject "BreakingBad" */ = {
			isa = XCConfigurationList;
			buildConfigurations = (
				8E89B31926C9A71700361763 /* Debug */,
				8E89B31A26C9A71700361763 /* Release */,
			);
			defaultConfigurationIsVisible = 0;
			defaultConfigurationName = Release;
		};
		8E89B31B26C9A71700361763 /* Build configuration list for PBXNativeTarget "BreakingBad" */ = {
			isa = XCConfigurationList;
			buildConfigurations = (
				8E89B31C26C9A71700361763 /* Debug */,
				8E89B31D26C9A71700361763 /* Release */,
			);
			defaultConfigurationIsVisible = 0;
			defaultConfigurationName = Release;
		};
/* End XCConfigurationList section */

/* Begin XCRemoteSwiftPackageReference section */
		8E849DF426CB1DEA007B4427 /* XCRemoteSwiftPackageReference "SDWebImageSwiftUI" */ = {
			isa = XCRemoteSwiftPackageReference;
			repositoryURL = "https://github.com/SDWebImage/SDWebImageSwiftUI";
			requirement = {
				kind = upToNextMajorVersion;
				minimumVersion = 2.0.2;
			};
		};
/* End XCRemoteSwiftPackageReference section */

/* Begin XCSwiftPackageProductDependency section */
		8E849DF526CB1DEA007B4427 /* SDWebImageSwiftUI */ = {
			isa = XCSwiftPackageProductDependency;
			package = 8E849DF426CB1DEA007B4427 /* XCRemoteSwiftPackageReference "SDWebImageSwiftUI" */;
			productName = SDWebImageSwiftUI;
		};
/* End XCSwiftPackageProductDependency section */
	};
	rootObject = 8E89B30426C9A71500361763 /* Project object */;
}
